// !$*UTF8*$!
{
	archiveVersion = 1;
	classes = {
	};
	objectVersion = 77;
	objects = {

/* Begin PBXBuildFile section */
		50522522305703A600F277B8 /* AppDelegate.swift in Sources */ = {isa = PBXBuildFile; fileRef = 50522521305703A600F277B8 /* AppDelegate.swift */; };
		50522524305703A600F277B8 /* SceneDelegate.swift in Sources */ = {isa = PBXBuildFile; fileRef = 50522523305703A600F277B8 /* SceneDelegate.swift */; };
		50522527305703A600F277B8 /* LaunchScreen.storyboard in Resources */ = {isa = PBXBuildFile; fileRef = 50522525305703A600F277B8 /* LaunchScreen.storyboard */; };
		5052252A305703A600F277B8 /* Main.storyboard in Resources */ = {isa = PBXBuildFile; fileRef = 50522528305703A600F277B8 /* Main.storyboard */; };
		50522533305703A600F277B8 /* AppDelegate.swift in Sources */ = {isa = PBXBuildFile; fileRef = 50522532305703A600F277B8 /* AppDelegate.swift */; };
		50522536305703A600F277B8 /* Main.storyboard in Resources */ = {isa = PBXBuildFile; fileRef = 50522534305703A600F277B8 /* Main.storyboard */; };
		5052253D305703A600F277B8 /* Chat Tidy Extension.appex in Embed Foundation Extensions */ = {isa = PBXBuildFile; fileRef = 5052253C305703A600F277B8 /* Chat Tidy Extension.appex */; settings = {ATTRIBUTES = (RemoveHeadersOnCopy, ); }; };
		50522547305703A600F277B8 /* Chat Tidy Extension.appex in Embed Foundation Extensions */ = {isa = PBXBuildFile; fileRef = 50522546305703A600F277B8 /* Chat Tidy Extension.appex */; settings = {ATTRIBUTES = (RemoveHeadersOnCopy, ); }; };
		50522554305703A600F277B8 /* ViewController.swift in Sources */ = {isa = PBXBuildFile; fileRef = 50522516305703A600F277B8 /* ViewController.swift */; };
		50522555305703A600F277B8 /* ViewController.swift in Sources */ = {isa = PBXBuildFile; fileRef = 50522516305703A600F277B8 /* ViewController.swift */; };
		50522556305703A600F277B8 /* Assets.xcassets in Resources */ = {isa = PBXBuildFile; fileRef = 50522517305703A600F277B8 /* Assets.xcassets */; };
		50522557305703A600F277B8 /* Assets.xcassets in Resources */ = {isa = PBXBuildFile; fileRef = 50522517305703A600F277B8 /* Assets.xcassets */; };
		50522558305703A600F277B8 /* SafariWebExtensionHandler.swift in Sources */ = {isa = PBXBuildFile; fileRef = 50522519305703A600F277B8 /* SafariWebExtensionHandler.swift */; };
		50522559305703A600F277B8 /* SafariWebExtensionHandler.swift in Sources */ = {isa = PBXBuildFile; fileRef = 50522519305703A600F277B8 /* SafariWebExtensionHandler.swift */; };
		5052257A305703A600F277B8 /* LICENSE in Resources */ = {isa = PBXBuildFile; fileRef = 5052256B305703A600F277B8 /* LICENSE */; };
		5052257B305703A600F277B8 /* popup.html in Resources */ = {isa = PBXBuildFile; fileRef = 5052256C305703A600F277B8 /* popup.html */; };
		50522583305703A600F277B8 /* icons in Resources */ = {isa = PBXBuildFile; fileRef = 50522574305703A600F277B8 /* icons */; };
		50522585305703A600F277B8 /* manifest.json in Resources */ = {isa = PBXBuildFile; fileRef = 50522576305703A600F277B8 /* manifest.json */; };
		50522587305703A600F277B8 /* _locales in Resources */ = {isa = PBXBuildFile; fileRef = 50522578305703A600F277B8 /* _locales */; };
		50522588305703A600F277B8 /* src in Resources */ = {isa = PBXBuildFile; fileRef = 50522579305703A600F277B8 /* src */; };
		50522589305703A600F277B8 /* LICENSE in Resources */ = {isa = PBXBuildFile; fileRef = 5052256B305703A600F277B8 /* LICENSE */; };
		5052258A305703A600F277B8 /* popup.html in Resources */ = {isa = PBXBuildFile; fileRef = 5052256C305703A600F277B8 /* popup.html */; };
		50522592305703A600F277B8 /* icons in Resources */ = {isa = PBXBuildFile; fileRef = 50522574305703A600F277B8 /* icons */; };
		50522594305703A600F277B8 /* manifest.json in Resources */ = {isa = PBXBuildFile; fileRef = 50522576305703A600F277B8 /* manifest.json */; };
		50522596305703A600F277B8 /* _locales in Resources */ = {isa = PBXBuildFile; fileRef = 50522578305703A600F277B8 /* _locales */; };
		50522597305703A600F277B8 /* src in Resources */ = {isa = PBXBuildFile; fileRef = 50522579305703A600F277B8 /* src */; };
/* End PBXBuildFile section */

/* Begin PBXContainerItemProxy section */
		5052253E305703A600F277B8 /* PBXContainerItemProxy */ = {
			isa = PBXContainerItemProxy;
			containerPortal = 5052250B305703A600F277B8 /* Project object */;
			proxyType = 1;
			remoteGlobalIDString = 5052253B305703A600F277B8;
			remoteInfo = "Chat Tidy Extension (iOS)";
		};
		50522548305703A600F277B8 /* PBXContainerItemProxy */ = {
			isa = PBXContainerItemProxy;
			containerPortal = 5052250B305703A600F277B8 /* Project object */;
			proxyType = 1;
			remoteGlobalIDString = 50522545305703A600F277B8;
			remoteInfo = "Chat Tidy Extension (macOS)";
		};
/* End PBXContainerItemProxy section */

/* Begin PBXCopyFilesBuildPhase section */
		5052255F305703A600F277B8 /* Embed Foundation Extensions */ = {
			isa = PBXCopyFilesBuildPhase;
			buildActionMask = 2147483647;
			dstPath = "";
			dstSubfolderSpec = 13;
			files = (
				5052253D305703A600F277B8 /* Chat Tidy Extension.appex in Embed Foundation Extensions */,
			);
			name = "Embed Foundation Extensions";
			runOnlyForDeploymentPostprocessing = 0;
		};
		50522566305703A600F277B8 /* Embed Foundation Extensions */ = {
			isa = PBXCopyFilesBuildPhase;
			buildActionMask = 2147483647;
			dstPath = "";
			dstSubfolderSpec = 13;
			files = (
				50522547305703A600F277B8 /* Chat Tidy Extension.appex in Embed Foundation Extensions */,
			);
			name = "Embed Foundation Extensions";
			runOnlyForDeploymentPostprocessing = 0;
		};
/* End PBXCopyFilesBuildPhase section */

/* Begin PBXFileReference section */
		50522516305703A600F277B8 /* ViewController.swift */ = {isa = PBXFileReference; lastKnownFileType = sourcecode.swift; path = ViewController.swift; sourceTree = "<group>"; };
		50522517305703A600F277B8 /* Assets.xcassets */ = {isa = PBXFileReference; lastKnownFileType = folder.assetcatalog; path = Assets.xcassets; sourceTree = "<group>"; };
		50522519305703A600F277B8 /* SafariWebExtensionHandler.swift */ = {isa = PBXFileReference; lastKnownFileType = sourcecode.swift; path = SafariWebExtensionHandler.swift; sourceTree = "<group>"; };
		5052251E305703A600F277B8 /* Chat Tidy.app */ = {isa = PBXFileReference; explicitFileType = wrapper.application; includeInIndex = 0; path = "Chat Tidy.app"; sourceTree = BUILT_PRODUCTS_DIR; };
		50522521305703A600F277B8 /* AppDelegate.swift */ = {isa = PBXFileReference; lastKnownFileType = sourcecode.swift; path = AppDelegate.swift; sourceTree = "<group>"; };
		50522523305703A600F277B8 /* SceneDelegate.swift */ = {isa = PBXFileReference; lastKnownFileType = sourcecode.swift; path = SceneDelegate.swift; sourceTree = "<group>"; };
		50522526305703A600F277B8 /* Base */ = {isa = PBXFileReference; lastKnownFileType = file.storyboard; name = Base; path = Base.lproj/LaunchScreen.storyboard; sourceTree = "<group>"; };
		50522529305703A600F277B8 /* Base */ = {isa = PBXFileReference; lastKnownFileType = file.storyboard; name = Base; path = Base.lproj/Main.storyboard; sourceTree = "<group>"; };
		5052252B305703A600F277B8 /* Info.plist */ = {isa = PBXFileReference; lastKnownFileType = text.plist.xml; path = Info.plist; sourceTree = "<group>"; };
		50522530305703A600F277B8 /* Chat Tidy.app */ = {isa = PBXFileReference; explicitFileType = wrapper.application; includeInIndex = 0; path = "Chat Tidy.app"; sourceTree = BUILT_PRODUCTS_DIR; };
		50522532305703A600F277B8 /* AppDelegate.swift */ = {isa = PBXFileReference; lastKnownFileType = sourcecode.swift; path = AppDelegate.swift; sourceTree = "<group>"; };
		50522535305703A600F277B8 /* Base */ = {isa = PBXFileReference; lastKnownFileType = file.storyboard; name = Base; path = Base.lproj/Main.storyboard; sourceTree = "<group>"; };
		50522537305703A600F277B8 /* Info.plist */ = {isa = PBXFileReference; lastKnownFileType = text.plist.xml; path = Info.plist; sourceTree = "<group>"; };
		5052253C305703A600F277B8 /* Chat Tidy Extension.appex */ = {isa = PBXFileReference; explicitFileType = "wrapper.app-extension"; includeInIndex = 0; path = "Chat Tidy Extension.appex"; sourceTree = BUILT_PRODUCTS_DIR; };
		50522541305703A600F277B8 /* Info.plist */ = {isa = PBXFileReference; lastKnownFileType = text.plist.xml; path = Info.plist; sourceTree = "<group>"; };
		50522546305703A600F277B8 /* Chat Tidy Extension.appex */ = {isa = PBXFileReference; explicitFileType = "wrapper.app-extension"; includeInIndex = 0; path = "Chat Tidy Extension.appex"; sourceTree = BUILT_PRODUCTS_DIR; };
		5052254B305703A600F277B8 /* Info.plist */ = {isa = PBXFileReference; lastKnownFileType = text.plist.xml; path = Info.plist; sourceTree = "<group>"; };
		5052256B305703A600F277B8 /* LICENSE */ = {isa = PBXFileReference; lastKnownFileType = text; name = LICENSE; path = ../../../LICENSE; sourceTree = "<group>"; };
		5052256C305703A600F277B8 /* popup.html */ = {isa = PBXFileReference; lastKnownFileType = text.html; name = popup.html; path = ../../../popup.html; sourceTree = "<group>"; };
		50522574305703A600F277B8 /* icons */ = {isa = PBXFileReference; lastKnownFileType = folder; name = icons; path = ../../../icons; sourceTree = "<group>"; };
		50522576305703A600F277B8 /* manifest.json */ = {isa = PBXFileReference; lastKnownFileType = text.json; name = manifest.json; path = ../../../manifest.json; sourceTree = "<group>"; };
		50522578305703A600F277B8 /* _locales */ = {isa = PBXFileReference; lastKnownFileType = folder; name = _locales; path = ../../../_locales; sourceTree = "<group>"; };
		50522579305703A600F277B8 /* src */ = {isa = PBXFileReference; lastKnownFileType = folder; name = src; path = ../../../src; sourceTree = "<group>"; };
/* End PBXFileReference section */

/* Begin PBXFrameworksBuildPhase section */
		5052251B305703A600F277B8 /* Frameworks */ = {
			isa = PBXFrameworksBuildPhase;
			buildActionMask = 2147483647;
			files = (
			);
			runOnlyForDeploymentPostprocessing = 0;
		};
		5052252D305703A600F277B8 /* Frameworks */ = {
			isa = PBXFrameworksBuildPhase;
			buildActionMask = 2147483647;
			files = (
			);
			runOnlyForDeploymentPostprocessing = 0;
		};
		50522539305703A600F277B8 /* Frameworks */ = {
			isa = PBXFrameworksBuildPhase;
			buildActionMask = 2147483647;
			files = (
			);
			runOnlyForDeploymentPostprocessing = 0;
		};
		50522543305703A600F277B8 /* Frameworks */ = {
			isa = PBXFrameworksBuildPhase;
			buildActionMask = 2147483647;
			files = (
			);
			runOnlyForDeploymentPostprocessing = 0;
		};
/* End PBXFrameworksBuildPhase section */

/* Begin PBXGroup section */
		5052250A305703A600F277B8 = {
			isa = PBXGroup;
			children = (
				5052250F305703A600F277B8 /* Shared (App) */,
				50522518305703A600F277B8 /* Shared (Extension) */,
				50522520305703A600F277B8 /* iOS (App) */,
				50522531305703A600F277B8 /* macOS (App) */,
				50522540305703A600F277B8 /* iOS (Extension) */,
				5052254A305703A600F277B8 /* macOS (Extension) */,
				5052251F305703A600F277B8 /* Products */,
			);
			sourceTree = "<group>";
		};
		5052250F305703A600F277B8 /* Shared (App) */ = {
			isa = PBXGroup;
			children = (
				50522516305703A600F277B8 /* ViewController.swift */,
				50522517305703A600F277B8 /* Assets.xcassets */,
				50522510305703A600F277B8 /* Resources */,
			);
			path = "Shared (App)";
			sourceTree = "<group>";
		};
		50522510305703A600F277B8 /* Resources */ = {
			isa = PBXGroup;
			children = (
			);
			path = Resources;
			sourceTree = "<group>";
		};
		50522518305703A600F277B8 /* Shared (Extension) */ = {
			isa = PBXGroup;
			children = (
				5052256A305703A600F277B8 /* Resources */,
				50522519305703A600F277B8 /* SafariWebExtensionHandler.swift */,
			);
			path = "Shared (Extension)";
			sourceTree = "<group>";
		};
		5052251F305703A600F277B8 /* Products */ = {
			isa = PBXGroup;
			children = (
				5052251E305703A600F277B8 /* Chat Tidy.app */,
				50522530305703A600F277B8 /* Chat Tidy.app */,
				5052253C305703A600F277B8 /* Chat Tidy Extension.appex */,
				50522546305703A600F277B8 /* Chat Tidy Extension.appex */,
			);
			name = Products;
			sourceTree = "<group>";
		};
		50522520305703A600F277B8 /* iOS (App) */ = {
			isa = PBXGroup;
			children = (
				50522521305703A600F277B8 /* AppDelegate.swift */,
				50522523305703A600F277B8 /* SceneDelegate.swift */,
				50522525305703A600F277B8 /* LaunchScreen.storyboard */,
				50522528305703A600F277B8 /* Main.storyboard */,
				5052252B305703A600F277B8 /* Info.plist */,
			);
			path = "iOS (App)";
			sourceTree = "<group>";
		};
		50522531305703A600F277B8 /* macOS (App) */ = {
			isa = PBXGroup;
			children = (
				50522532305703A600F277B8 /* AppDelegate.swift */,
				50522534305703A600F277B8 /* Main.storyboard */,
				50522537305703A600F277B8 /* Info.plist */,
			);
			path = "macOS (App)";
			sourceTree = "<group>";
		};
		50522540305703A600F277B8 /* iOS (Extension) */ = {
			isa = PBXGroup;
			children = (
				50522541305703A600F277B8 /* Info.plist */,
			);
			path = "iOS (Extension)";
			sourceTree = "<group>";
		};
		5052254A305703A600F277B8 /* macOS (Extension) */ = {
			isa = PBXGroup;
			children = (
				5052254B305703A600F277B8 /* Info.plist */,
			);
			path = "macOS (Extension)";
			sourceTree = "<group>";
		};
		5052256A305703A600F277B8 /* Resources */ = {
			isa = PBXGroup;
			children = (
				5052256B305703A600F277B8 /* LICENSE */,
				5052256C305703A600F277B8 /* popup.html */,
				50522574305703A600F277B8 /* icons */,
				50522576305703A600F277B8 /* manifest.json */,
				50522578305703A600F277B8 /* _locales */,
				50522579305703A600F277B8 /* src */,
			);
			name = Resources;
			path = "Shared (Extension)";
			sourceTree = SOURCE_ROOT;
		};
/* End PBXGroup section */

/* Begin PBXNativeTarget section */
		5052251D305703A600F277B8 /* Chat Tidy (iOS) */ = {
			isa = PBXNativeTarget;
			buildConfigurationList = 50522560305703A600F277B8 /* Build configuration list for PBXNativeTarget "Chat Tidy (iOS)" */;
			buildPhases = (
				5052251A305703A600F277B8 /* Sources */,
				5052251B305703A600F277B8 /* Frameworks */,
				5052251C305703A600F277B8 /* Resources */,
				5052255F305703A600F277B8 /* Embed Foundation Extensions */,
			);
			buildRules = (
			);
			dependencies = (
				5052253F305703A600F277B8 /* PBXTargetDependency */,
			);
			name = "Chat Tidy (iOS)";
			packageProductDependencies = (
			);
			productName = "Chat Tidy (iOS)";
			productReference = 5052251E305703A600F277B8 /* Chat Tidy.app */;
			productType = "com.apple.product-type.application";
		};
		5052252F305703A600F277B8 /* Chat Tidy (macOS) */ = {
			isa = PBXNativeTarget;
			buildConfigurationList = 50522567305703A600F277B8 /* Build configuration list for PBXNativeTarget "Chat Tidy (macOS)" */;
			buildPhases = (
				5052252C305703A600F277B8 /* Sources */,
				5052252D305703A600F277B8 /* Frameworks */,
				5052252E305703A600F277B8 /* Resources */,
				50522566305703A600F277B8 /* Embed Foundation Extensions */,
			);
			buildRules = (
			);
			dependencies = (
				50522549305703A600F277B8 /* PBXTargetDependency */,
			);
			name = "Chat Tidy (macOS)";
			packageProductDependencies = (
			);
			productName = "Chat Tidy (macOS)";
			productReference = 50522530305703A600F277B8 /* Chat Tidy.app */;
			productType = "com.apple.product-type.application";
		};
		5052253B305703A600F277B8 /* Chat Tidy Extension (iOS) */ = {
			isa = PBXNativeTarget;
			buildConfigurationList = 5052255C305703A600F277B8 /* Build configuration list for PBXNativeTarget "Chat Tidy Extension (iOS)" */;
			buildPhases = (
				50522538305703A600F277B8 /* Sources */,
				50522539305703A600F277B8 /* Frameworks */,
				5052253A305703A600F277B8 /* Resources */,
			);
			buildRules = (
			);
			dependencies = (
			);
			name = "Chat Tidy Extension (iOS)";
			packageProductDependencies = (
			);
			productName = "Chat Tidy Extension (iOS)";
			productReference = 5052253C305703A600F277B8 /* Chat Tidy Extension.appex */;
			productType = "com.apple.product-type.app-extension";
		};
		50522545305703A600F277B8 /* Chat Tidy Extension (macOS) */ = {
			isa = PBXNativeTarget;
			buildConfigurationList = 50522563305703A600F277B8 /* Build configuration list for PBXNativeTarget "Chat Tidy Extension (macOS)" */;
			buildPhases = (
				50522542305703A600F277B8 /* Sources */,
				50522543305703A600F277B8 /* Frameworks */,
				50522544305703A600F277B8 /* Resources */,
			);
			buildRules = (
			);
			dependencies = (
			);
			name = "Chat Tidy Extension (macOS)";
			packageProductDependencies = (
			);
			productName = "Chat Tidy Extension (macOS)";
			productReference = 50522546305703A600F277B8 /* Chat Tidy Extension.appex */;
			productType = "com.apple.product-type.app-extension";
		};
/* End PBXNativeTarget section */

/* Begin PBXProject section */
		5052250B305703A600F277B8 /* Project object */ = {
			isa = PBXProject;
			attributes = {
				BuildIndependentTargetsInParallel = 1;
				LastSwiftUpdateCheck = 2660;
				LastUpgradeCheck = 2660;
				TargetAttributes = {
					5052251D305703A600F277B8 = {
						CreatedOnToolsVersion = 26.6;
					};
					5052252F305703A600F277B8 = {
						CreatedOnToolsVersion = 26.6;
					};
					5052253B305703A600F277B8 = {
						CreatedOnToolsVersion = 26.6;
					};
					50522545305703A600F277B8 = {
						CreatedOnToolsVersion = 26.6;
					};
				};
			};
			buildConfigurationList = 5052250E305703A600F277B8 /* Build configuration list for PBXProject "Chat Tidy" */;
			developmentRegion = en;
			hasScannedForEncodings = 0;
			knownRegions = (
				en,
				Base,
			);
			mainGroup = 5052250A305703A600F277B8;
			minimizedProjectReferenceProxies = 1;
			preferredProjectObjectVersion = 77;
			productRefGroup = 5052251F305703A600F277B8 /* Products */;
			projectDirPath = "";
			projectRoot = "";
			targets = (
				5052251D305703A600F277B8 /* Chat Tidy (iOS) */,
				5052252F305703A600F277B8 /* Chat Tidy (macOS) */,
				5052253B305703A600F277B8 /* Chat Tidy Extension (iOS) */,
				50522545305703A600F277B8 /* Chat Tidy Extension (macOS) */,
			);
		};
/* End PBXProject section */

/* Begin PBXResourcesBuildPhase section */
		5052251C305703A600F277B8 /* Resources */ = {
			isa = PBXResourcesBuildPhase;
			buildActionMask = 2147483647;
			files = (
				50522527305703A600F277B8 /* LaunchScreen.storyboard in Resources */,
				50522556305703A600F277B8 /* Assets.xcassets in Resources */,
				5052252A305703A600F277B8 /* Main.storyboard in Resources */,
			);
			runOnlyForDeploymentPostprocessing = 0;
		};
		5052252E305703A600F277B8 /* Resources */ = {
			isa = PBXResourcesBuildPhase;
			buildActionMask = 2147483647;
			files = (
				50522536305703A600F277B8 /* Main.storyboard in Resources */,
				50522557305703A600F277B8 /* Assets.xcassets in Resources */,
			);
			runOnlyForDeploymentPostprocessing = 0;
		};
		5052253A305703A600F277B8 /* Resources */ = {
			isa = PBXResourcesBuildPhase;
			buildActionMask = 2147483647;
			files = (
				50522594305703A600F277B8 /* manifest.json in Resources */,
				50522592305703A600F277B8 /* icons in Resources */,
				50522589305703A600F277B8 /* LICENSE in Resources */,
				50522597305703A600F277B8 /* src in Resources */,
				5052258A305703A600F277B8 /* popup.html in Resources */,
				50522596305703A600F277B8 /* _locales in Resources */,
			);
			runOnlyForDeploymentPostprocessing = 0;
		};
		50522544305703A600F277B8 /* Resources */ = {
			isa = PBXResourcesBuildPhase;
			buildActionMask = 2147483647;
			files = (
				50522585305703A600F277B8 /* manifest.json in Resources */,
				50522583305703A600F277B8 /* icons in Resources */,
				5052257A305703A600F277B8 /* LICENSE in Resources */,
				50522588305703A600F277B8 /* src in Resources */,
				5052257B305703A600F277B8 /* popup.html in Resources */,
				50522587305703A600F277B8 /* _locales in Resources */,
			);
			runOnlyForDeploymentPostprocessing = 0;
		};
/* End PBXResourcesBuildPhase section */

/* Begin PBXSourcesBuildPhase section */
		5052251A305703A600F277B8 /* Sources */ = {
			isa = PBXSourcesBuildPhase;
			buildActionMask = 2147483647;
			files = (
				50522554305703A600F277B8 /* ViewController.swift in Sources */,
				50522522305703A600F277B8 /* AppDelegate.swift in Sources */,
				50522524305703A600F277B8 /* SceneDelegate.swift in Sources */,
			);
			runOnlyForDeploymentPostprocessing = 0;
		};
		5052252C305703A600F277B8 /* Sources */ = {
			isa = PBXSourcesBuildPhase;
			buildActionMask = 2147483647;
			files = (
				50522555305703A600F277B8 /* ViewController.swift in Sources */,
				50522533305703A600F277B8 /* AppDelegate.swift in Sources */,
			);
			runOnlyForDeploymentPostprocessing = 0;
		};
		50522538305703A600F277B8 /* Sources */ = {
			isa = PBXSourcesBuildPhase;
			buildActionMask = 2147483647;
			files = (
				50522558305703A600F277B8 /* SafariWebExtensionHandler.swift in Sources */,
			);
			runOnlyForDeploymentPostprocessing = 0;
		};
		50522542305703A600F277B8 /* Sources */ = {
			isa = PBXSourcesBuildPhase;
			buildActionMask = 2147483647;
			files = (
				50522559305703A600F277B8 /* SafariWebExtensionHandler.swift in Sources */,
			);
			runOnlyForDeploymentPostprocessing = 0;
		};
/* End PBXSourcesBuildPhase section */

/* Begin PBXTargetDependency section */
		5052253F305703A600F277B8 /* PBXTargetDependency */ = {
			isa = PBXTargetDependency;
			target = 5052253B305703A600F277B8 /* Chat Tidy Extension (iOS) */;
			targetProxy = 5052253E305703A600F277B8 /* PBXContainerItemProxy */;
		};
		50522549305703A600F277B8 /* PBXTargetDependency */ = {
			isa = PBXTargetDependency;
			target = 50522545305703A600F277B8 /* Chat Tidy Extension (macOS) */;
			targetProxy = 50522548305703A600F277B8 /* PBXContainerItemProxy */;
		};
/* End PBXTargetDependency section */

/* Begin PBXVariantGroup section */
		50522525305703A600F277B8 /* LaunchScreen.storyboard */ = {
			isa = PBXVariantGroup;
			children = (
				50522526305703A600F277B8 /* Base */,
			);
			name = LaunchScreen.storyboard;
			sourceTree = "<group>";
		};
		50522528305703A600F277B8 /* Main.storyboard */ = {
			isa = PBXVariantGroup;
			children = (
				50522529305703A600F277B8 /* Base */,
			);
			name = Main.storyboard;
			sourceTree = "<group>";
		};
		50522534305703A600F277B8 /* Main.storyboard */ = {
			isa = PBXVariantGroup;
			children = (
				50522535305703A600F277B8 /* Base */,
			);
			name = Main.storyboard;
			sourceTree = "<group>";
		};
/* End PBXVariantGroup section */

/* Begin XCBuildConfiguration section */
		5052255A305703A600F277B8 /* Debug */ = {
			isa = XCBuildConfiguration;
			buildSettings = {
				ALWAYS_SEARCH_USER_PATHS = NO;
				ASSETCATALOG_COMPILER_GENERATE_SWIFT_ASSET_SYMBOL_EXTENSIONS = YES;
				CLANG_ANALYZER_NONNULL = YES;
				CLANG_ANALYZER_NUMBER_OBJECT_CONVERSION = YES_AGGRESSIVE;
				CLANG_CXX_LANGUAGE_STANDARD = "gnu++20";
				CLANG_ENABLE_MODULES = YES;
				CLANG_ENABLE_OBJC_ARC = YES;
				CLANG_ENABLE_OBJC_WEAK = YES;
				CLANG_WARN_BLOCK_CAPTURE_AUTORELEASING = YES;
				CLANG_WARN_BOOL_CONVERSION = YES;
				CLANG_WARN_COMMA = YES;
				CLANG_WARN_CONSTANT_CONVERSION = YES;
				CLANG_WARN_DEPRECATED_OBJC_IMPLEMENTATIONS = YES;
				CLANG_WARN_DIRECT_OBJC_ISA_USAGE = YES_ERROR;
				CLANG_WARN_DOCUMENTATION_COMMENTS = YES;
				CLANG_WARN_EMPTY_BODY = YES;
				CLANG_WARN_ENUM_CONVERSION = YES;
				CLANG_WARN_INFINITE_RECURSION = YES;
				CLANG_WARN_INT_CONVERSION = YES;
				CLANG_WARN_NON_LITERAL_NULL_CONVERSION = YES;
				CLANG_WARN_OBJC_IMPLICIT_RETAIN_SELF = YES;
				CLANG_WARN_OBJC_LITERAL_CONVERSION = YES;
				CLANG_WARN_OBJC_ROOT_CLASS = YES_ERROR;
				CLANG_WARN_QUOTED_INCLUDE_IN_FRAMEWORK_HEADER = YES;
				CLANG_WARN_RANGE_LOOP_ANALYSIS = YES;
				CLANG_WARN_STRICT_PROTOTYPES = YES;
				CLANG_WARN_SUSPICIOUS_MOVE = YES;
				CLANG_WARN_UNGUARDED_AVAILABILITY = YES_AGGRESSIVE;
				CLANG_WARN_UNREACHABLE_CODE = YES;
				CLANG_WARN__DUPLICATE_METHOD_MATCH = YES;
				COPY_PHASE_STRIP = NO;
				DEBUG_INFORMATION_FORMAT = dwarf;
				ENABLE_STRICT_OBJC_MSGSEND = YES;
				ENABLE_TESTABILITY = YES;
				ENABLE_USER_SCRIPT_SANDBOXING = YES;
				GCC_C_LANGUAGE_STANDARD = gnu17;
				GCC_DYNAMIC_NO_PIC = NO;
				GCC_NO_COMMON_BLOCKS = YES;
				GCC_OPTIMIZATION_LEVEL = 0;
				GCC_PREPROCESSOR_DEFINITIONS = (
					"DEBUG=1",
					"$(inherited)",
				);
				GCC_WARN_64_TO_32_BIT_CONVERSION = YES;
				GCC_WARN_ABOUT_RETURN_TYPE = YES_ERROR;
				GCC_WARN_UNDECLARED_SELECTOR = YES;
				GCC_WARN_UNINITIALIZED_AUTOS = YES_AGGRESSIVE;
				GCC_WARN_UNUSED_FUNCTION = YES;
				GCC_WARN_UNUSED_VARIABLE = YES;
				LOCALIZATION_PREFERS_STRING_CATALOGS = YES;
				MTL_ENABLE_DEBUG_INFO = INCLUDE_SOURCE;
				MTL_FAST_MATH = YES;
				ONLY_ACTIVE_ARCH = YES;
				SWIFT_ACTIVE_COMPILATION_CONDITIONS = "DEBUG $(inherited)";
				SWIFT_OPTIMIZATION_LEVEL = "-Onone";
			};
			name = Debug;
		};
		5052255B305703A600F277B8 /* Release */ = {
			isa = XCBuildConfiguration;
			buildSettings = {
				ALWAYS_SEARCH_USER_PATHS = NO;
				ASSETCATALOG_COMPILER_GENERATE_SWIFT_ASSET_SYMBOL_EXTENSIONS = YES;
				CLANG_ANALYZER_NONNULL = YES;
				CLANG_ANALYZER_NUMBER_OBJECT_CONVERSION = YES_AGGRESSIVE;
				CLANG_CXX_LANGUAGE_STANDARD = "gnu++20";
				CLANG_ENABLE_MODULES = YES;
				CLANG_ENABLE_OBJC_ARC = YES;
				CLANG_ENABLE_OBJC_WEAK = YES;
				CLANG_WARN_BLOCK_CAPTURE_AUTORELEASING = YES;
				CLANG_WARN_BOOL_CONVERSION = YES;
				CLANG_WARN_COMMA = YES;
				CLANG_WARN_CONSTANT_CONVERSION = YES;
				CLANG_WARN_DEPRECATED_OBJC_IMPLEMENTATIONS = YES;
				CLANG_WARN_DIRECT_OBJC_ISA_USAGE = YES_ERROR;
				CLANG_WARN_DOCUMENTATION_COMMENTS = YES;
				CLANG_WARN_EMPTY_BODY = YES;
				CLANG_WARN_ENUM_CONVERSION = YES;
				CLANG_WARN_INFINITE_RECURSION = YES;
				CLANG_WARN_INT_CONVERSION = YES;
				CLANG_WARN_NON_LITERAL_NULL_CONVERSION = YES;
				CLANG_WARN_OBJC_IMPLICIT_RETAIN_SELF = YES;
				CLANG_WARN_OBJC_LITERAL_CONVERSION = YES;
				CLANG_WARN_OBJC_ROOT_CLASS = YES_ERROR;
				CLANG_WARN_QUOTED_INCLUDE_IN_FRAMEWORK_HEADER = YES;
				CLANG_WARN_RANGE_LOOP_ANALYSIS = YES;
				CLANG_WARN_STRICT_PROTOTYPES = YES;
				CLANG_WARN_SUSPICIOUS_MOVE = YES;
				CLANG_WARN_UNGUARDED_AVAILABILITY = YES_AGGRESSIVE;
				CLANG_WARN_UNREACHABLE_CODE = YES;
				CLANG_WARN__DUPLICATE_METHOD_MATCH = YES;
				COPY_PHASE_STRIP = NO;
				DEBUG_INFORMATION_FORMAT = "dwarf-with-dsym";
				ENABLE_NS_ASSERTIONS = NO;
				ENABLE_STRICT_OBJC_MSGSEND = YES;
				ENABLE_USER_SCRIPT_SANDBOXING = YES;
				GCC_C_LANGUAGE_STANDARD = gnu17;
				GCC_NO_COMMON_BLOCKS = YES;
				GCC_WARN_64_TO_32_BIT_CONVERSION = YES;
				GCC_WARN_ABOUT_RETURN_TYPE = YES_ERROR;
				GCC_WARN_UNDECLARED_SELECTOR = YES;
				GCC_WARN_UNINITIALIZED_AUTOS = YES_AGGRESSIVE;
				GCC_WARN_UNUSED_FUNCTION = YES;
				GCC_WARN_UNUSED_VARIABLE = YES;
				LOCALIZATION_PREFERS_STRING_CATALOGS = YES;
				MTL_ENABLE_DEBUG_INFO = NO;
				MTL_FAST_MATH = YES;
				SWIFT_COMPILATION_MODE = wholemodule;
			};
			name = Release;
		};
		5052255D305703A600F277B8 /* Debug */ = {
			isa = XCBuildConfiguration;
			buildSettings = {
				CODE_SIGN_STYLE = Automatic;
				CURRENT_PROJECT_VERSION = 4;
				GENERATE_INFOPLIST_FILE = YES;
				INFOPLIST_FILE = "iOS (Extension)/Info.plist";
				INFOPLIST_KEY_CFBundleDisplayName = "Chat Tidy Extension";
				INFOPLIST_KEY_NSHumanReadableCopyright = "";
				IPHONEOS_DEPLOYMENT_TARGET = 16.4;
				LD_RUNPATH_SEARCH_PATHS = (
					"$(inherited)",
					"@executable_path/Frameworks",
					"@executable_path/../../Frameworks",
				);
				MARKETING_VERSION = 1.8.12;
				OTHER_LDFLAGS = (
					"-framework",
					SafariServices,
				);
				PRODUCT_BUNDLE_IDENTIFIER = com.redpeak5421.ChatTidy.Extension;
				PRODUCT_NAME = "Chat Tidy Extension";
				SDKROOT = iphoneos;
				SKIP_INSTALL = YES;
				STRING_CATALOG_GENERATE_SYMBOLS = YES;
				SWIFT_APPROACHABLE_CONCURRENCY = YES;
				SWIFT_EMIT_LOC_STRINGS = YES;
				SWIFT_UPCOMING_FEATURE_MEMBER_IMPORT_VISIBILITY = YES;
				SWIFT_VERSION = 5.0;
				TARGETED_DEVICE_FAMILY = "1,2";
			};
			name = Debug;
		};
		5052255E305703A600F277B8 /* Release */ = {
			isa = XCBuildConfiguration;
			buildSettings = {
				CODE_SIGN_STYLE = Automatic;
				CURRENT_PROJECT_VERSION = 4;
				GENERATE_INFOPLIST_FILE = YES;
				INFOPLIST_FILE = "iOS (Extension)/Info.plist";
				INFOPLIST_KEY_CFBundleDisplayName = "Chat Tidy Extension";
				INFOPLIST_KEY_NSHumanReadableCopyright = "";
				IPHONEOS_DEPLOYMENT_TARGET = 16.4;
				LD_RUNPATH_SEARCH_PATHS = (
					"$(inherited)",
					"@executable_path/Frameworks",
					"@executable_path/../../Frameworks",
				);
				MARKETING_VERSION = 1.8.12;
				OTHER_LDFLAGS = (
					"-framework",
					SafariServices,
				);
				PRODUCT_BUNDLE_IDENTIFIER = com.redpeak5421.ChatTidy.Extension;
				PRODUCT_NAME = "Chat Tidy Extension";
				SDKROOT = iphoneos;
				SKIP_INSTALL = YES;
				STRING_CATALOG_GENERATE_SYMBOLS = YES;
				SWIFT_APPROACHABLE_CONCURRENCY = YES;
				SWIFT_EMIT_LOC_STRINGS = YES;
				SWIFT_UPCOMING_FEATURE_MEMBER_IMPORT_VISIBILITY = YES;
				SWIFT_VERSION = 5.0;
				TARGETED_DEVICE_FAMILY = "1,2";
				VALIDATE_PRODUCT = YES;
			};
			name = Release;
		};
		50522561305703A600F277B8 /* Debug */ = {
			isa = XCBuildConfiguration;
			buildSettings = {
				ASSETCATALOG_COMPILER_APPICON_NAME = AppIcon;
				ASSETCATALOG_COMPILER_GLOBAL_ACCENT_COLOR_NAME = AccentColor;
				CODE_SIGN_STYLE = Automatic;
				CURRENT_PROJECT_VERSION = 4;
				GENERATE_INFOPLIST_FILE = YES;
				INFOPLIST_FILE = "iOS (App)/Info.plist";
				INFOPLIST_KEY_CFBundleDisplayName = "Chat Tidy";
				INFOPLIST_KEY_UIApplicationSupportsIndirectInputEvents = YES;
				INFOPLIST_KEY_UILaunchStoryboardName = LaunchScreen;
				INFOPLIST_KEY_UIMainStoryboardFile = Main;
				INFOPLIST_KEY_UISupportedInterfaceOrientations = "UIInterfaceOrientationPortrait UIInterfaceOrientationLandscapeLeft UIInterfaceOrientationLandscapeRight";
				INFOPLIST_KEY_UISupportedInterfaceOrientations_iPad = "UIInterfaceOrientationPortrait UIInterfaceOrientationPortraitUpsideDown UIInterfaceOrientationLandscapeLeft UIInterfaceOrientationLandscapeRight";
				IPHONEOS_DEPLOYMENT_TARGET = 16.4;
				LD_RUNPATH_SEARCH_PATHS = (
					"$(inherited)",
					"@executable_path/Frameworks",
				);
				MARKETING_VERSION = 1.8.12;
				OTHER_LDFLAGS = (
					"-framework",
					SafariServices,
					"-framework",
					WebKit,
				);
				PRODUCT_BUNDLE_IDENTIFIER = com.redpeak5421.ChatTidy;
				PRODUCT_NAME = "Chat Tidy";
				SDKROOT = iphoneos;
				STRING_CATALOG_GENERATE_SYMBOLS = YES;
				SWIFT_APPROACHABLE_CONCURRENCY = YES;
				SWIFT_DEFAULT_ACTOR_ISOLATION = MainActor;
				SWIFT_EMIT_LOC_STRINGS = YES;
				SWIFT_UPCOMING_FEATURE_MEMBER_IMPORT_VISIBILITY = YES;
				SWIFT_VERSION = 5.0;
				TARGETED_DEVICE_FAMILY = "1,2";
			};
			name = Debug;
		};
		50522562305703A600F277B8 /* Release */ = {
			isa = XCBuildConfiguration;
			buildSettings = {
				ASSETCATALOG_COMPILER_APPICON_NAME = AppIcon;
				ASSETCATALOG_COMPILER_GLOBAL_ACCENT_COLOR_NAME = AccentColor;
				CODE_SIGN_STYLE = Automatic;
				CURRENT_PROJECT_VERSION = 4;
				GENERATE_INFOPLIST_FILE = YES;
				INFOPLIST_FILE = "iOS (App)/Info.plist";
				INFOPLIST_KEY_CFBundleDisplayName = "Chat Tidy";
				INFOPLIST_KEY_UIApplicationSupportsIndirectInputEvents = YES;
				INFOPLIST_KEY_UILaunchStoryboardName = LaunchScreen;
				INFOPLIST_KEY_UIMainStoryboardFile = Main;
				INFOPLIST_KEY_UISupportedInterfaceOrientations = "UIInterfaceOrientationPortrait UIInterfaceOrientationLandscapeLeft UIInterfaceOrientationLandscapeRight";
				INFOPLIST_KEY_UISupportedInterfaceOrientations_iPad = "UIInterfaceOrientationPortrait UIInterfaceOrientationPortraitUpsideDown UIInterfaceOrientationLandscapeLeft UIInterfaceOrientationLandscapeRight";
				IPHONEOS_DEPLOYMENT_TARGET = 16.4;
				LD_RUNPATH_SEARCH_PATHS = (
					"$(inherited)",
					"@executable_path/Frameworks",
				);
				MARKETING_VERSION = 1.8.12;
				OTHER_LDFLAGS = (
					"-framework",
					SafariServices,
					"-framework",
					WebKit,
				);
				PRODUCT_BUNDLE_IDENTIFIER = com.redpeak5421.ChatTidy;
				PRODUCT_NAME = "Chat Tidy";
				SDKROOT = iphoneos;
				STRING_CATALOG_GENERATE_SYMBOLS = YES;
				SWIFT_APPROACHABLE_CONCURRENCY = YES;
				SWIFT_DEFAULT_ACTOR_ISOLATION = MainActor;
				SWIFT_EMIT_LOC_STRINGS = YES;
				SWIFT_UPCOMING_FEATURE_MEMBER_IMPORT_VISIBILITY = YES;
				SWIFT_VERSION = 5.0;
				TARGETED_DEVICE_FAMILY = "1,2";
				VALIDATE_PRODUCT = YES;
			};
			name = Release;
		};
		50522564305703A600F277B8 /* Debug */ = {
			isa = XCBuildConfiguration;
			buildSettings = {
				CODE_SIGN_STYLE = Automatic;
				CURRENT_PROJECT_VERSION = 4;
				ENABLE_APP_SANDBOX = YES;
				ENABLE_HARDENED_RUNTIME = YES;
				ENABLE_USER_SELECTED_FILES = readonly;
				GENERATE_INFOPLIST_FILE = YES;
				INFOPLIST_FILE = "macOS (Extension)/Info.plist";
				INFOPLIST_KEY_CFBundleDisplayName = "Chat Tidy Extension";
				INFOPLIST_KEY_NSHumanReadableCopyright = "";
				LD_RUNPATH_SEARCH_PATHS = (
					"$(inherited)",
					"@executable_path/../Frameworks",
					"@executable_path/../../../../Frameworks",
				);
				MACOSX_DEPLOYMENT_TARGET = 13.3;
				MARKETING_VERSION = 1.8.12;
				OTHER_LDFLAGS = (
					"-framework",
					SafariServices,
				);
				PRODUCT_BUNDLE_IDENTIFIER = com.redpeak5421.ChatTidy.Extension;
				PRODUCT_NAME = "Chat Tidy Extension";
				SDKROOT = macosx;
				SKIP_INSTALL = YES;
				STRING_CATALOG_GENERATE_SYMBOLS = YES;
				SWIFT_APPROACHABLE_CONCURRENCY = YES;
				SWIFT_EMIT_LOC_STRINGS = YES;
				SWIFT_UPCOMING_FEATURE_MEMBER_IMPORT_VISIBILITY = YES;
				SWIFT_VERSION = 5.0;
			};
			name = Debug;
		};
		50522565305703A600F277B8 /* Release */ = {
			isa = XCBuildConfiguration;
			buildSettings = {
				CODE_SIGN_STYLE = Automatic;
				CURRENT_PROJECT_VERSION = 4;
				ENABLE_APP_SANDBOX = YES;
				ENABLE_HARDENED_RUNTIME = YES;
				ENABLE_USER_SELECTED_FILES = readonly;
				GENERATE_INFOPLIST_FILE = YES;
				INFOPLIST_FILE = "macOS (Extension)/Info.plist";
				INFOPLIST_KEY_CFBundleDisplayName = "Chat Tidy Extension";
				INFOPLIST_KEY_NSHumanReadableCopyright = "";
				LD_RUNPATH_SEARCH_PATHS = (
					"$(inherited)",
					"@executable_path/../Frameworks",
					"@executable_path/../../../../Frameworks",
				);
				MACOSX_DEPLOYMENT_TARGET = 13.3;
				MARKETING_VERSION = 1.8.12;
				OTHER_LDFLAGS = (
					"-framework",
					SafariServices,
				);
				PRODUCT_BUNDLE_IDENTIFIER = com.redpeak5421.ChatTidy.Extension;
				PRODUCT_NAME = "Chat Tidy Extension";
				SDKROOT = macosx;
				SKIP_INSTALL = YES;
				STRING_CATALOG_GENERATE_SYMBOLS = YES;
				SWIFT_APPROACHABLE_CONCURRENCY = YES;
				SWIFT_EMIT_LOC_STRINGS = YES;
				SWIFT_UPCOMING_FEATURE_MEMBER_IMPORT_VISIBILITY = YES;
				SWIFT_VERSION = 5.0;
			};
			name = Release;
		};
		50522568305703A600F277B8 /* Debug */ = {
			isa = XCBuildConfiguration;
			buildSettings = {
				ASSETCATALOG_COMPILER_APPICON_NAME = AppIcon;
				ASSETCATALOG_COMPILER_GLOBAL_ACCENT_COLOR_NAME = AccentColor;
				CODE_SIGN_STYLE = Automatic;
				CURRENT_PROJECT_VERSION = 4;
				ENABLE_APP_SANDBOX = YES;
				ENABLE_HARDENED_RUNTIME = YES;
				ENABLE_OUTGOING_NETWORK_CONNECTIONS = YES;
				ENABLE_USER_SELECTED_FILES = readonly;
				GENERATE_INFOPLIST_FILE = YES;
				INFOPLIST_FILE = "macOS (App)/Info.plist";
				INFOPLIST_KEY_CFBundleDisplayName = "Chat Tidy";
				INFOPLIST_KEY_NSMainStoryboardFile = Main;
				INFOPLIST_KEY_NSPrincipalClass = NSApplication;
				LD_RUNPATH_SEARCH_PATHS = (
					"$(inherited)",
					"@executable_path/../Frameworks",
				);
				MACOSX_DEPLOYMENT_TARGET = 13.3;
				MARKETING_VERSION = 1.8.12;
				OTHER_LDFLAGS = (
					"-framework",
					SafariServices,
					"-framework",
					WebKit,
				);
				PRODUCT_BUNDLE_IDENTIFIER = com.redpeak5421.ChatTidy;
				PRODUCT_NAME = "Chat Tidy";
				REGISTER_APP_GROUPS = YES;
				SDKROOT = macosx;
				STRING_CATALOG_GENERATE_SYMBOLS = YES;
				SWIFT_APPROACHABLE_CONCURRENCY = YES;
				SWIFT_DEFAULT_ACTOR_ISOLATION = MainActor;
				SWIFT_EMIT_LOC_STRINGS = YES;
				SWIFT_UPCOMING_FEATURE_MEMBER_IMPORT_VISIBILITY = YES;
				SWIFT_VERSION = 5.0;
			};
			name = Debug;
		};
		50522569305703A600F277B8 /* Release */ = {
			isa = XCBuildConfiguration;
			buildSettings = {
				ASSETCATALOG_COMPILER_APPICON_NAME = AppIcon;
				ASSETCATALOG_COMPILER_GLOBAL_ACCENT_COLOR_NAME = AccentColor;
				CODE_SIGN_STYLE = Automatic;
				CURRENT_PROJECT_VERSION = 4;
				ENABLE_APP_SANDBOX = YES;
				ENABLE_HARDENED_RUNTIME = YES;
				ENABLE_OUTGOING_NETWORK_CONNECTIONS = YES;
				ENABLE_USER_SELECTED_FILES = readonly;
				GENERATE_INFOPLIST_FILE = YES;
				INFOPLIST_FILE = "macOS (App)/Info.plist";
				INFOPLIST_KEY_CFBundleDisplayName = "Chat Tidy";
				INFOPLIST_KEY_NSMainStoryboardFile = Main;
				INFOPLIST_KEY_NSPrincipalClass = NSApplication;
				LD_RUNPATH_SEARCH_PATHS = (
					"$(inherited)",
					"@executable_path/../Frameworks",
				);
				MACOSX_DEPLOYMENT_TARGET = 13.3;
				MARKETING_VERSION = 1.8.12;
				OTHER_LDFLAGS = (
					"-framework",
					SafariServices,
					"-framework",
					WebKit,
				);
				PRODUCT_BUNDLE_IDENTIFIER = com.redpeak5421.ChatTidy;
				PRODUCT_NAME = "Chat Tidy";
				REGISTER_APP_GROUPS = YES;
				SDKROOT = macosx;
				STRING_CATALOG_GENERATE_SYMBOLS = YES;
				SWIFT_APPROACHABLE_CONCURRENCY = YES;
				SWIFT_DEFAULT_ACTOR_ISOLATION = MainActor;
				SWIFT_EMIT_LOC_STRINGS = YES;
				SWIFT_UPCOMING_FEATURE_MEMBER_IMPORT_VISIBILITY = YES;
				SWIFT_VERSION = 5.0;
			};
			name = Release;
		};
/* End XCBuildConfiguration section */

/* Begin XCConfigurationList section */
		5052250E305703A600F277B8 /* Build configuration list for PBXProject "Chat Tidy" */ = {
			isa = XCConfigurationList;
			buildConfigurations = (
				5052255A305703A600F277B8 /* Debug */,
				5052255B305703A600F277B8 /* Release */,
			);
			defaultConfigurationIsVisible = 0;
			defaultConfigurationName = Release;
		};
		5052255C305703A600F277B8 /* Build configuration list for PBXNativeTarget "Chat Tidy Extension (iOS)" */ = {
			isa = XCConfigurationList;
			buildConfigurations = (
				5052255D305703A600F277B8 /* Debug */,
				5052255E305703A600F277B8 /* Release */,
			);
			defaultConfigurationIsVisible = 0;
			defaultConfigurationName = Release;
		};
		50522560305703A600F277B8 /* Build configuration list for PBXNativeTarget "Chat Tidy (iOS)" */ = {
			isa = XCConfigurationList;
			buildConfigurations = (
				50522561305703A600F277B8 /* Debug */,
				50522562305703A600F277B8 /* Release */,
			);
			defaultConfigurationIsVisible = 0;
			defaultConfigurationName = Release;
		};
		50522563305703A600F277B8 /* Build configuration list for PBXNativeTarget "Chat Tidy Extension (macOS)" */ = {
			isa = XCConfigurationList;
			buildConfigurations = (
				50522564305703A600F277B8 /* Debug */,
				50522565305703A600F277B8 /* Release */,
			);
			defaultConfigurationIsVisible = 0;
			defaultConfigurationName = Release;
		};
		50522567305703A600F277B8 /* Build configuration list for PBXNativeTarget "Chat Tidy (macOS)" */ = {
			isa = XCConfigurationList;
			buildConfigurations = (
				50522568305703A600F277B8 /* Debug */,
				50522569305703A600F277B8 /* Release */,
			);
			defaultConfigurationIsVisible = 0;
			defaultConfigurationName = Release;
		};
/* End XCConfigurationList section */
	};
	rootObject = 5052250B305703A600F277B8 /* Project object */;
}
